
Microsoft Visual Studio Solution File, Format Version 12.00
# Visual Studio Version 17
VisualStudioVersion = 17.10.35013.160
MinimumVisualStudioVersion = 10.0.40219.1
Project("{9A19103F-16F7-4668-BE54-9A1E7A4F7556}") = "SeleniteSeaCore", "SeleniteSeaCore\SeleniteSeaCore.csproj", "{96CC36F0-E851-4CA9-8515-4B8018A18216}"
EndProject
Project("{9A19103F-16F7-4668-BE54-9A1E7A4F7556}") = "SeleniteSeaEditor", "SeleniteSeaEditor\SeleniteSeaEditor.csproj", "{6077C78E-FA40-4119-85DF-4B705B06611D}"
EndProject
Project("{FAE04EC0-301F-11D3-BF4B-00C04F79EFBC}") = "SeleniteSeaExecutor", "SeleniteSeaExecutor\SeleniteSeaExecutor.csproj", "{DF0F3D64-7D83-4695-AEEB-FCD46FA1827A}"
EndProject
Global
	GlobalSection(SolutionConfigurationPlatforms) = preSolution
		Debug|Any CPU = Debug|Any CPU
		Release|Any CPU = Release|Any CPU
	EndGlobalSection
	GlobalSection(ProjectConfigurationPlatforms) = postSolution
		{96CC36F0-E851-4CA9-8515-4B8018A18216}.Debug|Any CPU.ActiveCfg = Debug|Any CPU
		{96CC36F0-E851-4CA9-8515-4B8018A18216}.Debug|Any CPU.Build.0 = Debug|Any CPU
		{96CC36F0-E851-4CA9-8515-4B8018A18216}.Release|Any CPU.ActiveCfg = Release|Any CPU
		{96CC36F0-E851-4CA9-8515-4B8018A18216}.Release|Any CPU.Build.0 = Release|Any CPU
		{6077C78E-FA40-4119-85DF-4B705B06611D}.Debug|Any CPU.ActiveCfg = Debug|Any CPU
		{6077C78E-FA40-4119-85DF-4B705B06611D}.Debug|Any CPU.Build.0 = Debug|Any CPU
		{6077C78E-FA40-4119-85DF-4B705B06611D}.Release|Any CPU.ActiveCfg = Release|Any CPU
		{6077C78E-FA40-4119-85DF-4B705B06611D}.Release|Any CPU.Build.0 = Release|Any CPU
		{DF0F3D64-7D83-4695-AEEB-FCD46FA1827A}.Debug|Any CPU.ActiveCfg = Debug|Any CPU
		{DF0F3D64-7D83-4695-AEEB-FCD46FA1827A}.Debug|Any CPU.Build.0 = Debug|Any CPU
		{DF0F3D64-7D83-4695-AEEB-FCD46FA1827A}.Release|Any CPU.ActiveCfg = Release|Any CPU
		{DF0F3D64-7D83-4695-AEEB-FCD46FA1827A}.Release|Any CPU.Build.0 = Release|Any CPU
	EndGlobalSection
	GlobalSection(SolutionProperties) = preSolution
		HideSolutionNode = FALSE
	EndGlobalSection
	GlobalSection(ExtensibilityGlobals) = postSolution
		SolutionGuid = {63A95E3C-E2CF-43C4-B31E-098BFF549469}
	EndGlobalSection
EndGlobal
